{
  "nodes": {
    "fenix": {
      "inputs": {
        "naersk": "naersk",
        "nixpkgs": "nixpkgs",
        "rust-analyzer-src": "rust-analyzer-src"
      },
      "locked": {
        "lastModified": 1623724842,
        "narHash": "sha256-RnN44nY74IS/jtjH50UZrebZyPAmdv/AukUBskLQmUs=",
        "owner": "nix-community",
        "repo": "fenix",
        "rev": "6cc3981aa5a9c1e23cef5007764abf9aac1ef95b",
        "type": "github"
      },
      "original": {
        "owner": "nix-community",
        "repo": "fenix",
        "type": "github"
      }
    },
    "flake-utils": {
      "locked": {
        "lastModified": 1623660459,
        "narHash": "sha256-OTmOsh43po7r5F9s9H6lVCBQ2b0FikWbmiwLbMAGRdw=",
        "owner": "numtide",
        "repo": "flake-utils",
        "rev": "98c8d36b1828009b20f12544214683c7489935a1",
        "type": "github"
      },
      "original": {
        "owner": "numtide",
        "repo": "flake-utils",
        "type": "github"
      }
    },
    "home-manager": {
      "inputs": {
        "nixpkgs": "nixpkgs_2"
      },
      "locked": {
        "lastModified": 1623705021,
        "narHash": "sha256-/GZUHILpflqCINtlY1seepsiUbkx89b2PoGWIKV1+Io=",
        "owner": "nix-community",
        "repo": "home-manager",
        "rev": "1375fd4a030c27e6c6208b31b8189ca41da01fb0",
        "type": "github"
      },
      "original": {
        "owner": "nix-community",
        "repo": "home-manager",
        "type": "github"
      }
    },
    "naersk": {
      "inputs": {
        "nixpkgs": [
          "nixpkgs"
        ]
      },
      "locked": {
        "lastModified": 1623324658,
        "narHash": "sha256-TjWmZPH/xbUi7Xuj2EigB9sTOpqsiFmnv7m6+QgTDrA=",
        "owner": "nmattia",
        "repo": "naersk",
        "rev": "4f7426c362809e472d03c369d3674317c32b6863",
        "type": "github"
      },
      "original": {
        "owner": "nmattia",
        "repo": "naersk",
        "type": "github"
      }
    },
    "nixos-hardware": {
      "locked": {
        "lastModified": 1623569835,
        "narHash": "sha256-Mg+FN1JkEQ91Zff0+ot/ndRgD9BB+uDBLN12AcBYkSA=",
        "owner": "NixOS",
        "repo": "nixos-hardware",
        "rev": "7305b276c90cfd3ad0a2452101a49c0b52c784c0",
        "type": "github"
      },
      "original": {
        "owner": "NixOS",
        "ref": "master",
        "repo": "nixos-hardware",
        "type": "github"
      }
    },
    "nixpkgs": {
      "locked": {
        "lastModified": 1623324058,
        "narHash": "sha256-Jm9GUTXdjXz56gWDKy++EpFfjrBaxqXlLvTLfgEi8lo=",
        "owner": "nixos",
        "repo": "nixpkgs",
        "rev": "432fc2d9a67f92e05438dff5fdc2b39d33f77997",
        "type": "github"
      },
      "original": {
        "owner": "nixos",
        "ref": "nixos-unstable",
        "repo": "nixpkgs",
        "type": "github"
      }
    },
    "nixpkgs_2": {
      "locked": {
        "lastModified": 1623769548,
        "narHash": "sha256-OwkRrN+v9ndyhDSIeQyNuIReF6v7tL/sAOdwoDiY0XY=",
        "owner": "NixOS",
        "repo": "nixpkgs",
        "rev": "0e98d7acabffab8ad05ae46c2a32c7ed624928ef",
        "type": "github"
      },
      "original": {
        "id": "nixpkgs",
        "type": "indirect"
      }
    },
    "nixpkgs_3": {
      "locked": {
        "lastModified": 1623770131,
        "narHash": "sha256-q/GrfF/T5SH2LP7IoL63v/nZameOzBVh46IThvJF6yQ=",
        "owner": "nixos",
        "repo": "nixpkgs",
        "rev": "ff3b3e696ad0f4ea2cc8a8f4e030794742a36a50",
        "type": "github"
      },
      "original": {
        "owner": "nixos",
        "ref": "master",
        "repo": "nixpkgs",
        "type": "github"
      }
    },
    "root": {
      "inputs": {
        "fenix": "fenix",
        "flake-utils": "flake-utils",
        "home-manager": "home-manager",
        "nixos-hardware": "nixos-hardware",
        "nixpkgs": "nixpkgs_3"
      }
    },
    "rust-analyzer-src": {
      "flake": false,
      "locked": {
        "lastModified": 1623699899,
        "narHash": "sha256-JMKeIe55CzQvwwNbgDlscTFi4O7UDfUmi0wiAOHLy3o=",
        "owner": "rust-analyzer",
        "repo": "rust-analyzer",
        "rev": "447d849c9ecb3d0f7783a56db429ccc526d0d8dc",
        "type": "github"
      },
      "original": {
        "owner": "rust-analyzer",
        "ref": "nightly",
        "repo": "rust-analyzer",
        "type": "github"
      }
    }
  },
  "root": "root",
  "version": 7
}
