{
  "nodes": {
    "fenix": {
      "inputs": {
        "nixpkgs": "nixpkgs",
        "rust-analyzer-src": "rust-analyzer-src"
      },
      "locked": {
        "lastModified": 1627525679,
        "narHash": "sha256-YAUm/xZzNUPJBx3KoAcAWsmlsoDuM7bvhn15tMA1ddE=",
        "owner": "nix-community",
        "repo": "fenix",
        "rev": "df396ec93c5705bba4aee03d12f0742b8321cfbb",
        "type": "github"
      },
      "original": {
        "owner": "nix-community",
        "repo": "fenix",
        "type": "github"
      }
    },
    "flake-utils": {
      "locked": {
        "lastModified": 1623875721,
        "narHash": "sha256-A8BU7bjS5GirpAUv4QA+QnJ4CceLHkcXdRp4xITDB0s=",
        "owner": "numtide",
        "repo": "flake-utils",
        "rev": "f7e004a55b120c02ecb6219596820fcd32ca8772",
        "type": "github"
      },
      "original": {
        "owner": "numtide",
        "repo": "flake-utils",
        "type": "github"
      }
    },
    "home-manager": {
      "inputs": {
        "nixpkgs": "nixpkgs_2"
      },
      "locked": {
        "lastModified": 1627501942,
        "narHash": "sha256-rG2PUTgzmXvf/fSDCWKhlRwZjZs1/0TySC5eYHVJrmg=",
        "owner": "nix-community",
        "repo": "home-manager",
        "rev": "2272fc312d5dc477e70816d94e550d08729b307b",
        "type": "github"
      },
      "original": {
        "owner": "nix-community",
        "repo": "home-manager",
        "type": "github"
      }
    },
    "nixos-hardware": {
      "locked": {
        "lastModified": 1627365147,
        "narHash": "sha256-weGn8tUd8VP+YFCqYZ8fOV8OPJxrZLtna8YJKri0Zfk=",
        "owner": "NixOS",
        "repo": "nixos-hardware",
        "rev": "615e23579fec9bf0753fd72a8a447d9fb847c58f",
        "type": "github"
      },
      "original": {
        "owner": "NixOS",
        "ref": "master",
        "repo": "nixos-hardware",
        "type": "github"
      }
    },
    "nixpkgs": {
      "locked": {
        "lastModified": 1627391865,
        "narHash": "sha256-tPoWBO9Nzu3wuX37WcnctzL6LoDCErJLnfLGqqmXCm4=",
        "owner": "nixos",
        "repo": "nixpkgs",
        "rev": "8ecc61c91a596df7d3293603a9c2384190c1b89a",
        "type": "github"
      },
      "original": {
        "owner": "nixos",
        "ref": "nixos-unstable",
        "repo": "nixpkgs",
        "type": "github"
      }
    },
    "nixpkgs_2": {
      "locked": {
        "lastModified": 1627563911,
        "narHash": "sha256-CtXuw2dakWSBKk5a4wR1Z98SG70zFYCnxIxaDJSaJUM=",
        "owner": "NixOS",
        "repo": "nixpkgs",
        "rev": "76522ad63464d1dbcd3e8686a4074f8cec31f5eb",
        "type": "github"
      },
      "original": {
        "id": "nixpkgs",
        "type": "indirect"
      }
    },
    "nixpkgs_3": {
      "locked": {
        "lastModified": 1627391865,
        "narHash": "sha256-tPoWBO9Nzu3wuX37WcnctzL6LoDCErJLnfLGqqmXCm4=",
        "owner": "nixos",
        "repo": "nixpkgs",
        "rev": "8ecc61c91a596df7d3293603a9c2384190c1b89a",
        "type": "github"
      },
      "original": {
        "owner": "nixos",
        "ref": "nixos-unstable",
        "repo": "nixpkgs",
        "type": "github"
      }
    },
    "root": {
      "inputs": {
        "fenix": "fenix",
        "flake-utils": "flake-utils",
        "home-manager": "home-manager",
        "nixos-hardware": "nixos-hardware",
        "nixpkgs": "nixpkgs_3"
      }
    },
    "rust-analyzer-src": {
      "flake": false,
      "locked": {
        "lastModified": 1627493477,
        "narHash": "sha256-xfcYTi8w+zekGgsHlPwiwfbli23NksrWAaLSC6y6DKw=",
        "owner": "rust-analyzer",
        "repo": "rust-analyzer",
        "rev": "8d3b294ef7df0863941d65c433394f0f0ceaffa3",
        "type": "github"
      },
      "original": {
        "owner": "rust-analyzer",
        "ref": "nightly",
        "repo": "rust-analyzer",
        "type": "github"
      }
    }
  },
  "root": "root",
  "version": 7
}
